
Microsoft Visual Studio Solution File, Format Version 12.00
# Visual Studio Version 17
VisualStudioVersion = 17.8.34525.116
MinimumVisualStudioVersion = 10.0.40219.1
Project("{FAE04EC0-301F-11D3-BF4B-00C04F79EFBC}") = "c# homework lesson5 petshop", "c# homework lesson5 petshop\c# homework lesson5 petshop.csproj", "{619C7366-05B0-4AFB-BEEE-EB14295D17D7}"
EndProject
Global
	GlobalSection(SolutionConfigurationPlatforms) = preSolution
		Debug|Any CPU = Debug|Any CPU
		Release|Any CPU = Release|Any CPU
	EndGlobalSection
	GlobalSection(ProjectConfigurationPlatforms) = postSolution
		{619C7366-05B0-4AFB-BEEE-EB14295D17D7}.Debug|Any CPU.ActiveCfg = Debug|Any CPU
		{619C7366-05B0-4AFB-BEEE-EB14295D17D7}.Debug|Any CPU.Build.0 = Debug|Any CPU
		{619C7366-05B0-4AFB-BEEE-EB14295D17D7}.Release|Any CPU.ActiveCfg = Release|Any CPU
		{619C7366-05B0-4AFB-BEEE-EB14295D17D7}.Release|Any CPU.Build.0 = Release|Any CPU
	EndGlobalSection
	GlobalSection(SolutionProperties) = preSolution
		HideSolutionNode = FALSE
	EndGlobalSection
	GlobalSection(ExtensibilityGlobals) = postSolution
		SolutionGuid = {D91B3598-5C69-4863-898F-E672190DC859}
	EndGlobalSection
EndGlobal
